
Microsoft Visual Studio Solution File, Format Version 12.00
# Visual Studio Version 17
VisualStudioVersion = 17.10.35004.147
MinimumVisualStudioVersion = 10.0.40219.1
Project("{FAE04EC0-301F-11D3-BF4B-00C04F79EFBC}") = "Internship", "Internship\Internship.csproj", "{F09417FD-CAFA-4961-9BA0-454357E57DEF}"
EndProject
Global
	GlobalSection(SolutionConfigurationPlatforms) = preSolution
		Debug|Any CPU = Debug|Any CPU
		Release|Any CPU = Release|Any CPU
	EndGlobalSection
	GlobalSection(ProjectConfigurationPlatforms) = postSolution
		{F09417FD-CAFA-4961-9BA0-454357E57DEF}.Debug|Any CPU.ActiveCfg = Debug|Any CPU
		{F09417FD-CAFA-4961-9BA0-454357E57DEF}.Debug|Any CPU.Build.0 = Debug|Any CPU
		{F09417FD-CAFA-4961-9BA0-454357E57DEF}.Release|Any CPU.ActiveCfg = Release|Any CPU
		{F09417FD-CAFA-4961-9BA0-454357E57DEF}.Release|Any CPU.Build.0 = Release|Any CPU
	EndGlobalSection
	GlobalSection(SolutionProperties) = preSolution
		HideSolutionNode = FALSE
	EndGlobalSection
	GlobalSection(ExtensibilityGlobals) = postSolution
		SolutionGuid = {BDF4BADA-BBE7-4354-975D-34897F2972A5}
	EndGlobalSection
EndGlobal
